{
    "_meta": {
        "hash": {
            "sha256": "aeb466b29812b34eca8f7b8fbe9c7000c4e000e67cc87cd2cd35caa4453e6e52"
        },
        "pipfile-spec": 6,
        "requires": {
            "python_version": "2.7"
        },
        "sources": [
            {
                "name": "pypi",
                "url": "https://pypi.org/simple",
                "verify_ssl": true
            }
        ]
    },
    "default": {
        "gitdb": {
            "hashes": [
                "sha256:24572287933a9e5bf45260cd7a5629e5b3b190ec3c2c6a5d5e4125dd06ff4027",
                "sha256:d82c6b76ce8496c5209adf1c0ab969a6e1a8a31510ceb5f57a206fc7c77c0fea"
            ],
            "version": "==4.0.1"
        },
        "gitdb2": {
            "hashes": [
                "sha256:0986cb4003de743f2b3aba4c828edd1ab58ce98e1c4a8acf72ef02760d4beb4e",
                "sha256:a1c974e5fab8c2c90192c1367c81cbc54baec04244bda1816e9c8ab377d1cba3"
            ],
            "version": "==4.0.2"
        },
        "gitpython": {
            "hashes": [
                "sha256:620b3c729bbc143b498cfea77e302999deedc55faec5b1067086c9ef90e101bc",
                "sha256:a43a5d88a5bbc3cf32bb5223e4b4e68fd716db5e9996cad6e561bbfee6e5f4af"
            ],
            "version": "==3.0.8"
        },
        "packaging": {
            "hashes": [
                "sha256:170748228214b70b672c581a3dd610ee51f733018650740e98c7df862a583f73",
                "sha256:e665345f9eef0c621aa0bf2f8d78cf6d21904eef16a93f020240b704a57f1334"
            ],
            "version": "==20.1"
        },
        "pint": {
            "hashes": [
                "sha256:308f1070500e102f83b6adfca6db53debfce2ffc5d3cbe3f6c367da359b5cf4d",
                "sha256:5690c85948dfb283382aa73357c3d5a333e8c7d818be7d8643db18e07597dd99"
            ],
            "index": "pypi",
            "version": "==0.11"
        },
        "psutil": {
            "hashes": [
                "sha256:1413f4158eb50e110777c4f15d7c759521703bd6beb58926f1d562da40180058",
                "sha256:298af2f14b635c3c7118fd9183843f4e73e681bb6f01e12284d4d70d48a60953",
                "sha256:60b86f327c198561f101a92be1995f9ae0399736b6eced8f24af41ec64fb88d4",
                "sha256:685ec16ca14d079455892f25bd124df26ff9137664af445563c1bd36629b5e0e",
                "sha256:73f35ab66c6c7a9ce82ba44b1e9b1050be2a80cd4dcc3352cc108656b115c74f",
                "sha256:75e22717d4dbc7ca529ec5063000b2b294fc9a367f9c9ede1f65846c7955fd38",
                "sha256:a02f4ac50d4a23253b68233b07e7cdb567bd025b982d5cf0ee78296990c22d9e",
                "sha256:d008ddc00c6906ec80040d26dc2d3e3962109e40ad07fd8a12d0284ce5e0e4f8",
                "sha256:d84029b190c8a66a946e28b4d3934d2ca1528ec94764b180f7d6ea57b0e75e26",
                "sha256:e2d0c5b07c6fe5a87fa27b7855017edb0d52ee73b71e6ee368fae268605cc3f5",
                "sha256:f344ca230dd8e8d5eee16827596f1c22ec0876127c28e800d7ae20ed44c4b310"
            ],
            "index": "pypi",
            "version": "==5.7.0"
        },
        "pyparsing": {
            "hashes": [
                "sha256:4c830582a84fb022400b85429791bc551f1f4871c33f23e44f353119e92f969f",
                "sha256:c342dccb5250c08d45fd6f8b4a559613ca603b57498511740e65cd11a2e7dcec"
            ],
            "version": "==2.4.6"
        },
        "pysimplegui": {
            "hashes": [
                "sha256:b20460293069a39ac70091ee3eb69b484f49aadee4190d2608e8eedb9ca90e24",
                "sha256:e3c34694d28001d8cf7954066496809d8f892f542386fc9f83ddf5f57a7d8664"
            ],
            "index": "pypi",
            "version": "==4.16.0"
        },
        "python-logstash": {
            "hashes": [
                "sha256:10943e5df83f592b4d61b63ad1afff855ccc8c9467f78718f0a59809ba1fe68c"
            ],
            "index": "pypi",
            "version": "==0.4.6"
        },
        "semver": {
            "hashes": [
                "sha256:095c3cba6d5433f21451101463b22cf831fe6996fcc8a603407fd8bea54f116b",
                "sha256:723be40c74b6468861e0e3dbb80a41fc3b171a2a45bf956c245304773dc06055"
            ],
            "version": "==2.9.1"
        },
        "six": {
            "hashes": [
                "sha256:236bdbdce46e6e6a3d61a337c0f8b763ca1e8717c03b369e87a7ec7ce1319c0a",
                "sha256:8f3cd2e254d8f793e7f3d6d9df77b92252b52637291d0f0da013c76ea2724b6c"
            ],
            "version": "==1.14.0"
        },
        "smmap": {
            "hashes": [
                "sha256:171484fe62793e3626c8b05dd752eb2ca01854b0c55a1efc0dc4210fccb65446",
                "sha256:5fead614cf2de17ee0707a8c6a5f2aa5a2fc6c698c70993ba42f515485ffda78"
            ],
            "version": "==3.0.1"
        },
        "system-query": {
            "hashes": [
                "sha256:6c5a02b87f18c22b6d03f1843cc3878259dd732faeb9177e23295c41963c968d",
                "sha256:cda66b9b1d1bb44b9b7884901525b5b05dc000a7ceccc5a8182541c8063e9aba"
            ],
            "index": "pypi",
            "version": "==0.2.7"
        },
        "version-query": {
            "hashes": [
                "sha256:8ae7addce91e530cdb7417efcd6155f6ec8de319092eb94009fbde7d41f50c7e",
                "sha256:9ebcef801b29a36b9f53ee47acf783e62036251f8b45a9d2c9ecfcc7728dc11c"
            ],
            "version": "==1.1.0"
        }
    },
    "develop": {}
}
